
Microsoft Visual Studio Solution File, Format Version 12.00
# Visual Studio Version 16
VisualStudioVersion = 16.0.29519.87
MinimumVisualStudioVersion = 10.0.40219.1
Project("{8BC9CEB8-8B4A-11D0-8D11-00A0C91BC942}") = "PP_cw4_zadanie4", "PP_cw4_zadanie4\PP_cw4_zadanie4.vcxproj", "{D5F784BA-304E-424F-AD3D-6867354B01AB}"
EndProject
Global
	GlobalSection(SolutionConfigurationPlatforms) = preSolution
		Debug|x64 = Debug|x64
		Debug|x86 = Debug|x86
		Release|x64 = Release|x64
		Release|x86 = Release|x86
	EndGlobalSection
	GlobalSection(ProjectConfigurationPlatforms) = postSolution
		{D5F784BA-304E-424F-AD3D-6867354B01AB}.Debug|x64.ActiveCfg = Debug|x64
		{D5F784BA-304E-424F-AD3D-6867354B01AB}.Debug|x64.Build.0 = Debug|x64
		{D5F784BA-304E-424F-AD3D-6867354B01AB}.Debug|x86.ActiveCfg = Debug|Win32
		{D5F784BA-304E-424F-AD3D-6867354B01AB}.Debug|x86.Build.0 = Debug|Win32
		{D5F784BA-304E-424F-AD3D-6867354B01AB}.Release|x64.ActiveCfg = Release|x64
		{D5F784BA-304E-424F-AD3D-6867354B01AB}.Release|x64.Build.0 = Release|x64
		{D5F784BA-304E-424F-AD3D-6867354B01AB}.Release|x86.ActiveCfg = Release|Win32
		{D5F784BA-304E-424F-AD3D-6867354B01AB}.Release|x86.Build.0 = Release|Win32
	EndGlobalSection
	GlobalSection(SolutionProperties) = preSolution
		HideSolutionNode = FALSE
	EndGlobalSection
	GlobalSection(ExtensibilityGlobals) = postSolution
		SolutionGuid = {344B298F-C730-4D44-89A7-9AEF5D4D24B3}
	EndGlobalSection
EndGlobal
